
Microsoft Visual Studio Solution File, Format Version 12.00
# Visual Studio Version 16
VisualStudioVersion = 16.0.32106.194
MinimumVisualStudioVersion = 10.0.40219.1
Project("{FAE04EC0-301F-11D3-BF4B-00C04F79EFBC}") = "JsonGenerator", "JsonGenerator\JsonGenerator.csproj", "{DC9849A7-EC5B-45E0-B9BA-131D89C3CF45}"
EndProject
Global
	GlobalSection(SolutionConfigurationPlatforms) = preSolution
		Debug|Any CPU = Debug|Any CPU
		Release|Any CPU = Release|Any CPU
	EndGlobalSection
	GlobalSection(ProjectConfigurationPlatforms) = postSolution
		{DC9849A7-EC5B-45E0-B9BA-131D89C3CF45}.Debug|Any CPU.ActiveCfg = Debug|Any CPU
		{DC9849A7-EC5B-45E0-B9BA-131D89C3CF45}.Debug|Any CPU.Build.0 = Debug|Any CPU
		{DC9849A7-EC5B-45E0-B9BA-131D89C3CF45}.Release|Any CPU.ActiveCfg = Release|Any CPU
		{DC9849A7-EC5B-45E0-B9BA-131D89C3CF45}.Release|Any CPU.Build.0 = Release|Any CPU
	EndGlobalSection
	GlobalSection(SolutionProperties) = preSolution
		HideSolutionNode = FALSE
	EndGlobalSection
	GlobalSection(ExtensibilityGlobals) = postSolution
		SolutionGuid = {1AB5A41A-56CE-45C9-BB5B-1F5140FCD62D}
	EndGlobalSection
EndGlobal
